
Microsoft Visual Studio Solution File, Format Version 12.00
# Visual Studio Version 17
VisualStudioVersion = 17.4.33205.214
MinimumVisualStudioVersion = 10.0.40219.1
Project("{9A19103F-16F7-4668-BE54-9A1E7A4F7556}") = "Kellphy.Warframe.AccountInfo", "Kellphy.Warframe.AccountInfo\Kellphy.Warframe.AccountInfo.csproj", "{D6320529-1D2B-424E-A475-C79F4E9BF2DE}"
EndProject
Global
	GlobalSection(SolutionConfigurationPlatforms) = preSolution
		Debug|Any CPU = Debug|Any CPU
		Release|Any CPU = Release|Any CPU
	EndGlobalSection
	GlobalSection(ProjectConfigurationPlatforms) = postSolution
		{D6320529-1D2B-424E-A475-C79F4E9BF2DE}.Debug|Any CPU.ActiveCfg = Debug|Any CPU
		{D6320529-1D2B-424E-A475-C79F4E9BF2DE}.Debug|Any CPU.Build.0 = Debug|Any CPU
		{D6320529-1D2B-424E-A475-C79F4E9BF2DE}.Release|Any CPU.ActiveCfg = Release|Any CPU
		{D6320529-1D2B-424E-A475-C79F4E9BF2DE}.Release|Any CPU.Build.0 = Release|Any CPU
	EndGlobalSection
	GlobalSection(SolutionProperties) = preSolution
		HideSolutionNode = FALSE
	EndGlobalSection
	GlobalSection(ExtensibilityGlobals) = postSolution
		SolutionGuid = {F35C5137-EF6E-464B-AEC8-471B7771A449}
	EndGlobalSection
EndGlobal
